
Microsoft Visual Studio Solution File, Format Version 12.00
# Visual Studio Version 17
VisualStudioVersion = 17.9.34728.123
MinimumVisualStudioVersion = 10.0.40219.1
Project("{FAE04EC0-301F-11D3-BF4B-00C04F79EFBC}") = "CRM_App", "CRM_App.csproj", "{DCF27106-F945-47AF-B49A-269EDD5750BB}"
EndProject
Global
	GlobalSection(SolutionConfigurationPlatforms) = preSolution
		Debug|Any CPU = Debug|Any CPU
		Release|Any CPU = Release|Any CPU
	EndGlobalSection
	GlobalSection(ProjectConfigurationPlatforms) = postSolution
		{DCF27106-F945-47AF-B49A-269EDD5750BB}.Debug|Any CPU.ActiveCfg = Debug|Any CPU
		{DCF27106-F945-47AF-B49A-269EDD5750BB}.Debug|Any CPU.Build.0 = Debug|Any CPU
		{DCF27106-F945-47AF-B49A-269EDD5750BB}.Release|Any CPU.ActiveCfg = Release|Any CPU
		{DCF27106-F945-47AF-B49A-269EDD5750BB}.Release|Any CPU.Build.0 = Release|Any CPU
	EndGlobalSection
	GlobalSection(SolutionProperties) = preSolution
		HideSolutionNode = FALSE
	EndGlobalSection
	GlobalSection(ExtensibilityGlobals) = postSolution
		SolutionGuid = {12A88208-BFF9-4FC1-9678-B83980136BBF}
	EndGlobalSection
EndGlobal
